
Microsoft Visual Studio Solution File, Format Version 12.00
# Visual Studio 14
VisualStudioVersion = 14.0.23107.0
MinimumVisualStudioVersion = 10.0.40219.1
Project("{FAE04EC0-301F-11D3-BF4B-00C04F79EFBC}") = "MvcProject", "MvcProject\MvcProject.csproj", "{59B035DD-1BF8-4E2F-8B74-C40D5ADB90F2}"
EndProject
Project("{FAE04EC0-301F-11D3-BF4B-00C04F79EFBC}") = "SmallProject.Context", "SmallProject.Context\SmallProject.Context.csproj", "{1EEF7A44-8BCC-43F4-A01C-C50AABAC1273}"
EndProject
Project("{FAE04EC0-301F-11D3-BF4B-00C04F79EFBC}") = "SmallProject.Business", "SmallProject.Business\SmallProject.Business.csproj", "{7CC61087-6FFB-458E-9177-84A2F4F0B465}"
EndProject
Project("{FAE04EC0-301F-11D3-BF4B-00C04F79EFBC}") = "SmallProject.Entity", "SmallProject.Entity\SmallProject.Entity.csproj", "{3726F9F3-9634-4FB9-9E1A-7F4B48A9B0D3}"
EndProject
Project("{2150E333-8FDC-42A3-9474-1A3956D46DE8}") = "Solution Items", "Solution Items", "{58082E2E-F97F-4321-9626-19108EAE4B2F}"
	ProjectSection(SolutionItems) = preProject
		Small Template Project Nedir.txt = Small Template Project Nedir.txt
	EndProjectSection
EndProject
Global
	GlobalSection(SolutionConfigurationPlatforms) = preSolution
		Debug|Any CPU = Debug|Any CPU
		Release|Any CPU = Release|Any CPU
	EndGlobalSection
	GlobalSection(ProjectConfigurationPlatforms) = postSolution
		{59B035DD-1BF8-4E2F-8B74-C40D5ADB90F2}.Debug|Any CPU.ActiveCfg = Debug|Any CPU
		{59B035DD-1BF8-4E2F-8B74-C40D5ADB90F2}.Debug|Any CPU.Build.0 = Debug|Any CPU
		{59B035DD-1BF8-4E2F-8B74-C40D5ADB90F2}.Release|Any CPU.ActiveCfg = Release|Any CPU
		{59B035DD-1BF8-4E2F-8B74-C40D5ADB90F2}.Release|Any CPU.Build.0 = Release|Any CPU
		{1EEF7A44-8BCC-43F4-A01C-C50AABAC1273}.Debug|Any CPU.ActiveCfg = Debug|Any CPU
		{1EEF7A44-8BCC-43F4-A01C-C50AABAC1273}.Debug|Any CPU.Build.0 = Debug|Any CPU
		{1EEF7A44-8BCC-43F4-A01C-C50AABAC1273}.Release|Any CPU.ActiveCfg = Release|Any CPU
		{1EEF7A44-8BCC-43F4-A01C-C50AABAC1273}.Release|Any CPU.Build.0 = Release|Any CPU
		{7CC61087-6FFB-458E-9177-84A2F4F0B465}.Debug|Any CPU.ActiveCfg = Debug|Any CPU
		{7CC61087-6FFB-458E-9177-84A2F4F0B465}.Debug|Any CPU.Build.0 = Debug|Any CPU
		{7CC61087-6FFB-458E-9177-84A2F4F0B465}.Release|Any CPU.ActiveCfg = Release|Any CPU
		{7CC61087-6FFB-458E-9177-84A2F4F0B465}.Release|Any CPU.Build.0 = Release|Any CPU
		{3726F9F3-9634-4FB9-9E1A-7F4B48A9B0D3}.Debug|Any CPU.ActiveCfg = Debug|Any CPU
		{3726F9F3-9634-4FB9-9E1A-7F4B48A9B0D3}.Debug|Any CPU.Build.0 = Debug|Any CPU
		{3726F9F3-9634-4FB9-9E1A-7F4B48A9B0D3}.Release|Any CPU.ActiveCfg = Release|Any CPU
		{3726F9F3-9634-4FB9-9E1A-7F4B48A9B0D3}.Release|Any CPU.Build.0 = Release|Any CPU
	EndGlobalSection
	GlobalSection(SolutionProperties) = preSolution
		HideSolutionNode = FALSE
	EndGlobalSection
	GlobalSection(TeamFoundationVersionControl) = preSolution
		SccNumberOfProjects = 5
		SccEnterpriseProvider = {4CA58AB2-18FA-4F8D-95D4-32DDF27D184C}
		SccTeamFoundationServer = https://fatihgurdal92.visualstudio.com/defaultcollection
		SccLocalPath0 = .
		SccProjectUniqueName1 = MvcProject\\MvcProject.csproj
		SccProjectName1 = MvcProject
		SccLocalPath1 = MvcProject
		SccProjectUniqueName2 = SmallProject.Context\\SmallProject.Context.csproj
		SccProjectName2 = SmallProject.Context
		SccLocalPath2 = SmallProject.Context
		SccProjectUniqueName3 = SmallProject.Business\\SmallProject.Business.csproj
		SccProjectName3 = SmallProject.Business
		SccLocalPath3 = SmallProject.Business
		SccProjectUniqueName4 = SmallProject.Entity\\SmallProject.Entity.csproj
		SccProjectName4 = SmallProject.Entity
		SccLocalPath4 = SmallProject.Entity
	EndGlobalSection
EndGlobal
